
Microsoft Visual Studio Solution File, Format Version 12.00
# Visual Studio 2012
Project("{FAE04EC0-301F-11D3-BF4B-00C04F79EFBC}") = "ClockKing", "ClockKing\ClockKing.csproj", "{70609317-4723-42E6-A793-251704C6BD28}"
EndProject
Project("{FAE04EC0-301F-11D3-BF4B-00C04F79EFBC}") = "clockking.Core", "clockking.Model\clockking.Core.csproj", "{7A0A6A3F-8486-4258-AECA-BC05864FE5B0}"
EndProject
Project("{9344BDBB-3E7F-41FC-A0DD-8665D75EE146}") = "clockkingConsolePlayground", "clockkingConsolePlayground\clockkingConsolePlayground.csproj", "{9EF9CC2A-BDB9-44A0-9A0D-4F95322020D2}"
EndProject
Project("{9344BDBB-3E7F-41FC-A0DD-8665D75EE146}") = "WormHoleSharp", "WormHoleSharp-master\WormHoleSharp\WormHoleSharp.csproj", "{F1DE057A-3956-4BB4-8467-CEE134E105B2}"
EndProject
Global
	GlobalSection(SolutionConfigurationPlatforms) = preSolution
		Debug|x86 = Debug|x86
		Release|x86 = Release|x86
		Debug|iPhoneSimulator = Debug|iPhoneSimulator
		Release|iPhone = Release|iPhone
		Release|iPhoneSimulator = Release|iPhoneSimulator
		Debug|iPhone = Debug|iPhone
		publishing|iPhone = publishing|iPhone
	EndGlobalSection
	GlobalSection(ProjectConfigurationPlatforms) = postSolution
		{70609317-4723-42E6-A793-251704C6BD28}.Debug|iPhone.ActiveCfg = Debug|iPhone
		{70609317-4723-42E6-A793-251704C6BD28}.Debug|iPhone.Build.0 = Debug|iPhone
		{70609317-4723-42E6-A793-251704C6BD28}.Debug|iPhoneSimulator.ActiveCfg = Debug|iPhoneSimulator
		{70609317-4723-42E6-A793-251704C6BD28}.Debug|iPhoneSimulator.Build.0 = Debug|iPhoneSimulator
		{70609317-4723-42E6-A793-251704C6BD28}.Debug|x86.ActiveCfg = Debug|iPhoneSimulator
		{70609317-4723-42E6-A793-251704C6BD28}.Debug|x86.Build.0 = Debug|iPhoneSimulator
		{70609317-4723-42E6-A793-251704C6BD28}.Release|iPhone.ActiveCfg = Release|iPhone
		{70609317-4723-42E6-A793-251704C6BD28}.Release|iPhone.Build.0 = Release|iPhone
		{70609317-4723-42E6-A793-251704C6BD28}.Release|iPhoneSimulator.ActiveCfg = Release|iPhoneSimulator
		{70609317-4723-42E6-A793-251704C6BD28}.Release|iPhoneSimulator.Build.0 = Release|iPhoneSimulator
		{70609317-4723-42E6-A793-251704C6BD28}.Release|x86.ActiveCfg = Release|iPhone
		{70609317-4723-42E6-A793-251704C6BD28}.Release|x86.Build.0 = Release|iPhone
		{70609317-4723-42E6-A793-251704C6BD28}.publishing|iPhone.ActiveCfg = publishing|iPhone
		{70609317-4723-42E6-A793-251704C6BD28}.publishing|iPhone.Build.0 = publishing|iPhone
		{7A0A6A3F-8486-4258-AECA-BC05864FE5B0}.Debug|iPhone.ActiveCfg = Debug|Any CPU
		{7A0A6A3F-8486-4258-AECA-BC05864FE5B0}.Debug|iPhone.Build.0 = Debug|Any CPU
		{7A0A6A3F-8486-4258-AECA-BC05864FE5B0}.Debug|iPhoneSimulator.ActiveCfg = Debug|Any CPU
		{7A0A6A3F-8486-4258-AECA-BC05864FE5B0}.Debug|iPhoneSimulator.Build.0 = Debug|Any CPU
		{7A0A6A3F-8486-4258-AECA-BC05864FE5B0}.Debug|x86.ActiveCfg = Debug|Any CPU
		{7A0A6A3F-8486-4258-AECA-BC05864FE5B0}.Debug|x86.Build.0 = Debug|Any CPU
		{7A0A6A3F-8486-4258-AECA-BC05864FE5B0}.Release|iPhone.ActiveCfg = Release|Any CPU
		{7A0A6A3F-8486-4258-AECA-BC05864FE5B0}.Release|iPhone.Build.0 = Release|Any CPU
		{7A0A6A3F-8486-4258-AECA-BC05864FE5B0}.Release|iPhoneSimulator.ActiveCfg = Release|Any CPU
		{7A0A6A3F-8486-4258-AECA-BC05864FE5B0}.Release|iPhoneSimulator.Build.0 = Release|Any CPU
		{7A0A6A3F-8486-4258-AECA-BC05864FE5B0}.Release|x86.ActiveCfg = Release|Any CPU
		{7A0A6A3F-8486-4258-AECA-BC05864FE5B0}.Release|x86.Build.0 = Release|Any CPU
		{7A0A6A3F-8486-4258-AECA-BC05864FE5B0}.publishing|iPhone.ActiveCfg = publishing|iPhone
		{7A0A6A3F-8486-4258-AECA-BC05864FE5B0}.publishing|iPhone.Build.0 = publishing|iPhone
		{3BA76DE9-59E3-41FD-98F3-117935EED1C5}.Debug|x86.ActiveCfg = Debug|iPhoneSimulator
		{3BA76DE9-59E3-41FD-98F3-117935EED1C5}.Debug|x86.Build.0 = Debug|iPhoneSimulator
		{3BA76DE9-59E3-41FD-98F3-117935EED1C5}.Release|x86.ActiveCfg = Release|iPhone
		{3BA76DE9-59E3-41FD-98F3-117935EED1C5}.Release|x86.Build.0 = Release|iPhone
		{3BA76DE9-59E3-41FD-98F3-117935EED1C5}.Debug|iPhoneSimulator.ActiveCfg = Debug|iPhoneSimulator
		{3BA76DE9-59E3-41FD-98F3-117935EED1C5}.Debug|iPhoneSimulator.Build.0 = Debug|iPhoneSimulator
		{3BA76DE9-59E3-41FD-98F3-117935EED1C5}.Release|iPhone.ActiveCfg = Release|iPhone
		{3BA76DE9-59E3-41FD-98F3-117935EED1C5}.Release|iPhone.Build.0 = Release|iPhone
		{3BA76DE9-59E3-41FD-98F3-117935EED1C5}.Release|iPhoneSimulator.ActiveCfg = Release|iPhoneSimulator
		{3BA76DE9-59E3-41FD-98F3-117935EED1C5}.Release|iPhoneSimulator.Build.0 = Release|iPhoneSimulator
		{3BA76DE9-59E3-41FD-98F3-117935EED1C5}.Debug|iPhone.ActiveCfg = Debug|iPhone
		{3BA76DE9-59E3-41FD-98F3-117935EED1C5}.Debug|iPhone.Build.0 = Debug|iPhone
		{6153C0DD-C103-4151-A25B-CB9346697626}.Debug|x86.ActiveCfg = Debug|iPhoneSimulator
		{6153C0DD-C103-4151-A25B-CB9346697626}.Debug|x86.Build.0 = Debug|iPhoneSimulator
		{6153C0DD-C103-4151-A25B-CB9346697626}.Release|x86.ActiveCfg = Release|iPhone
		{6153C0DD-C103-4151-A25B-CB9346697626}.Release|x86.Build.0 = Release|iPhone
		{6153C0DD-C103-4151-A25B-CB9346697626}.Debug|iPhoneSimulator.ActiveCfg = Debug|iPhoneSimulator
		{6153C0DD-C103-4151-A25B-CB9346697626}.Debug|iPhoneSimulator.Build.0 = Debug|iPhoneSimulator
		{6153C0DD-C103-4151-A25B-CB9346697626}.Release|iPhone.ActiveCfg = Release|iPhone
		{6153C0DD-C103-4151-A25B-CB9346697626}.Release|iPhone.Build.0 = Release|iPhone
		{6153C0DD-C103-4151-A25B-CB9346697626}.Release|iPhoneSimulator.ActiveCfg = Release|iPhoneSimulator
		{6153C0DD-C103-4151-A25B-CB9346697626}.Release|iPhoneSimulator.Build.0 = Release|iPhoneSimulator
		{6153C0DD-C103-4151-A25B-CB9346697626}.Debug|iPhone.ActiveCfg = Debug|iPhone
		{6153C0DD-C103-4151-A25B-CB9346697626}.Debug|iPhone.Build.0 = Debug|iPhone
		{9EF9CC2A-BDB9-44A0-9A0D-4F95322020D2}.Debug|x86.ActiveCfg = Debug|x86
		{9EF9CC2A-BDB9-44A0-9A0D-4F95322020D2}.Debug|x86.Build.0 = Debug|x86
		{9EF9CC2A-BDB9-44A0-9A0D-4F95322020D2}.Release|x86.ActiveCfg = Release|x86
		{9EF9CC2A-BDB9-44A0-9A0D-4F95322020D2}.Release|x86.Build.0 = Release|x86
		{9EF9CC2A-BDB9-44A0-9A0D-4F95322020D2}.Debug|iPhoneSimulator.ActiveCfg = Debug|x86
		{9EF9CC2A-BDB9-44A0-9A0D-4F95322020D2}.Debug|iPhoneSimulator.Build.0 = Debug|x86
		{9EF9CC2A-BDB9-44A0-9A0D-4F95322020D2}.Release|iPhone.ActiveCfg = Release|x86
		{9EF9CC2A-BDB9-44A0-9A0D-4F95322020D2}.Release|iPhone.Build.0 = Release|x86
		{9EF9CC2A-BDB9-44A0-9A0D-4F95322020D2}.Release|iPhoneSimulator.ActiveCfg = Release|x86
		{9EF9CC2A-BDB9-44A0-9A0D-4F95322020D2}.Release|iPhoneSimulator.Build.0 = Release|x86
		{9EF9CC2A-BDB9-44A0-9A0D-4F95322020D2}.Debug|iPhone.ActiveCfg = Debug|x86
		{9EF9CC2A-BDB9-44A0-9A0D-4F95322020D2}.Debug|iPhone.Build.0 = Debug|x86
		{F1DE057A-3956-4BB4-8467-CEE134E105B2}.Debug|x86.ActiveCfg = Debug|Any CPU
		{F1DE057A-3956-4BB4-8467-CEE134E105B2}.Debug|x86.Build.0 = Debug|Any CPU
		{F1DE057A-3956-4BB4-8467-CEE134E105B2}.Release|x86.ActiveCfg = Release|Any CPU
		{F1DE057A-3956-4BB4-8467-CEE134E105B2}.Release|x86.Build.0 = Release|Any CPU
		{F1DE057A-3956-4BB4-8467-CEE134E105B2}.Debug|iPhoneSimulator.ActiveCfg = Debug|Any CPU
		{F1DE057A-3956-4BB4-8467-CEE134E105B2}.Debug|iPhoneSimulator.Build.0 = Debug|Any CPU
		{F1DE057A-3956-4BB4-8467-CEE134E105B2}.Release|iPhone.ActiveCfg = Release|Any CPU
		{F1DE057A-3956-4BB4-8467-CEE134E105B2}.Release|iPhone.Build.0 = Release|Any CPU
		{F1DE057A-3956-4BB4-8467-CEE134E105B2}.Release|iPhoneSimulator.ActiveCfg = Release|Any CPU
		{F1DE057A-3956-4BB4-8467-CEE134E105B2}.Release|iPhoneSimulator.Build.0 = Release|Any CPU
		{F1DE057A-3956-4BB4-8467-CEE134E105B2}.Debug|iPhone.ActiveCfg = Debug|Any CPU
		{F1DE057A-3956-4BB4-8467-CEE134E105B2}.Debug|iPhone.Build.0 = Debug|Any CPU
	EndGlobalSection
	GlobalSection(MonoDevelopProperties) = preSolution
		version = 1.2
	EndGlobalSection
EndGlobal
